
Microsoft Visual Studio Solution File, Format Version 11.00
# Visual Studio 2010
Project("{FAE04EC0-301F-11D3-BF4B-00C04F79EFBC}") = "MyGISystem", "MyGISystem\MyGISystem.csproj", "{F0AF941E-EEB6-4723-82A3-29FBBBE97FBF}"
EndProject
Global
	GlobalSection(SolutionConfigurationPlatforms) = preSolution
		Debug|x86 = Debug|x86
		Release|x86 = Release|x86
	EndGlobalSection
	GlobalSection(ProjectConfigurationPlatforms) = postSolution
		{F0AF941E-EEB6-4723-82A3-29FBBBE97FBF}.Debug|x86.ActiveCfg = Debug|x86
		{F0AF941E-EEB6-4723-82A3-29FBBBE97FBF}.Debug|x86.Build.0 = Debug|x86
		{F0AF941E-EEB6-4723-82A3-29FBBBE97FBF}.Release|x86.ActiveCfg = Release|x86
		{F0AF941E-EEB6-4723-82A3-29FBBBE97FBF}.Release|x86.Build.0 = Release|x86
	EndGlobalSection
	GlobalSection(SolutionProperties) = preSolution
		HideSolutionNode = FALSE
	EndGlobalSection
EndGlobal
